
Microsoft Visual Studio Solution File, Format Version 12.00
Project("{FAE04EC0-301F-11D3-BF4B-00C04F79EFBC}") = "Controle.Processos.Domain", "Controle.Processos.Domain\Controle.Processos.Domain.csproj", "{0EB76FE3-F873-43E7-8694-D7DAA6F568F5}"
EndProject
Project("{FAE04EC0-301F-11D3-BF4B-00C04F79EFBC}") = "Controle.Processos.Persistence", "Controle.Processos.Persistence\Controle.Processos.Persistence.csproj", "{7B7A8F60-5918-4D18-991C-EE526B5B4FDD}"
EndProject
Project("{FAE04EC0-301F-11D3-BF4B-00C04F79EFBC}") = "Controle.Processos.Infrastructure", "Controle.Processos.Infrastructure\Controle.Processos.Infrastructure.csproj", "{BF5C83B1-50D1-41CF-A381-284F9CBD161C}"
EndProject
Project("{FAE04EC0-301F-11D3-BF4B-00C04F79EFBC}") = "Controle.Processos.API", "Controle.Processos.API\Controle.Processos.API.csproj", "{235D37F3-7F38-4BC8-8016-C34E9E65FCAB}"
EndProject
Project("{FAE04EC0-301F-11D3-BF4B-00C04F79EFBC}") = "Controle.Processos.API.Tests", "Controle.Processos.API.Tests\Controle.Processos.API.Tests.csproj", "{506F8EE3-6FE4-460A-AFB3-7A58E008F891}"
EndProject
Project("{FAE04EC0-301F-11D3-BF4B-00C04F79EFBC}") = "Controle.Processos.Persistence.Tests", "Controle.Processos.Persistence.Tests\Controle.Processos.Persistence.Tests.csproj", "{3CD63838-838A-4BEE-9DE5-89CC0B388543}"
EndProject
Project("{2150E333-8FDC-42A3-9474-1A3956D46DE8}") = "test", "test", "{4949BDCC-12D2-4A44-A38B-BD7ACBA2CB2F}"
EndProject
Project("{2150E333-8FDC-42A3-9474-1A3956D46DE8}") = "src", "src", "{816279EB-D3FA-4B29-AC66-D7D132F6F155}"
EndProject
Project("{FAE04EC0-301F-11D3-BF4B-00C04F79EFBC}") = "Controle.Processos.Domain.Tests", "Controle.Processos.Domain.Tests\Controle.Processos.Domain.Tests.csproj", "{D67E6C43-144E-4031-A687-0623FC08E9B9}"
EndProject
Global
	GlobalSection(SolutionConfigurationPlatforms) = preSolution
		Debug|Any CPU = Debug|Any CPU
		Release|Any CPU = Release|Any CPU
	EndGlobalSection
	GlobalSection(ProjectConfigurationPlatforms) = postSolution
		{0EB76FE3-F873-43E7-8694-D7DAA6F568F5}.Debug|Any CPU.ActiveCfg = Debug|Any CPU
		{0EB76FE3-F873-43E7-8694-D7DAA6F568F5}.Debug|Any CPU.Build.0 = Debug|Any CPU
		{0EB76FE3-F873-43E7-8694-D7DAA6F568F5}.Release|Any CPU.ActiveCfg = Release|Any CPU
		{0EB76FE3-F873-43E7-8694-D7DAA6F568F5}.Release|Any CPU.Build.0 = Release|Any CPU
		{7B7A8F60-5918-4D18-991C-EE526B5B4FDD}.Debug|Any CPU.ActiveCfg = Debug|Any CPU
		{7B7A8F60-5918-4D18-991C-EE526B5B4FDD}.Debug|Any CPU.Build.0 = Debug|Any CPU
		{7B7A8F60-5918-4D18-991C-EE526B5B4FDD}.Release|Any CPU.ActiveCfg = Release|Any CPU
		{7B7A8F60-5918-4D18-991C-EE526B5B4FDD}.Release|Any CPU.Build.0 = Release|Any CPU
		{BF5C83B1-50D1-41CF-A381-284F9CBD161C}.Debug|Any CPU.ActiveCfg = Debug|Any CPU
		{BF5C83B1-50D1-41CF-A381-284F9CBD161C}.Debug|Any CPU.Build.0 = Debug|Any CPU
		{BF5C83B1-50D1-41CF-A381-284F9CBD161C}.Release|Any CPU.ActiveCfg = Release|Any CPU
		{BF5C83B1-50D1-41CF-A381-284F9CBD161C}.Release|Any CPU.Build.0 = Release|Any CPU
		{235D37F3-7F38-4BC8-8016-C34E9E65FCAB}.Debug|Any CPU.ActiveCfg = Debug|Any CPU
		{235D37F3-7F38-4BC8-8016-C34E9E65FCAB}.Debug|Any CPU.Build.0 = Debug|Any CPU
		{235D37F3-7F38-4BC8-8016-C34E9E65FCAB}.Release|Any CPU.ActiveCfg = Release|Any CPU
		{235D37F3-7F38-4BC8-8016-C34E9E65FCAB}.Release|Any CPU.Build.0 = Release|Any CPU
		{506F8EE3-6FE4-460A-AFB3-7A58E008F891}.Debug|Any CPU.ActiveCfg = Debug|Any CPU
		{506F8EE3-6FE4-460A-AFB3-7A58E008F891}.Debug|Any CPU.Build.0 = Debug|Any CPU
		{506F8EE3-6FE4-460A-AFB3-7A58E008F891}.Release|Any CPU.ActiveCfg = Release|Any CPU
		{506F8EE3-6FE4-460A-AFB3-7A58E008F891}.Release|Any CPU.Build.0 = Release|Any CPU
		{3CD63838-838A-4BEE-9DE5-89CC0B388543}.Debug|Any CPU.ActiveCfg = Debug|Any CPU
		{3CD63838-838A-4BEE-9DE5-89CC0B388543}.Debug|Any CPU.Build.0 = Debug|Any CPU
		{3CD63838-838A-4BEE-9DE5-89CC0B388543}.Release|Any CPU.ActiveCfg = Release|Any CPU
		{3CD63838-838A-4BEE-9DE5-89CC0B388543}.Release|Any CPU.Build.0 = Release|Any CPU
		{D67E6C43-144E-4031-A687-0623FC08E9B9}.Debug|Any CPU.ActiveCfg = Debug|Any CPU
		{D67E6C43-144E-4031-A687-0623FC08E9B9}.Debug|Any CPU.Build.0 = Debug|Any CPU
		{D67E6C43-144E-4031-A687-0623FC08E9B9}.Release|Any CPU.ActiveCfg = Release|Any CPU
		{D67E6C43-144E-4031-A687-0623FC08E9B9}.Release|Any CPU.Build.0 = Release|Any CPU
	EndGlobalSection
	GlobalSection(NestedProjects) = preSolution
		{506F8EE3-6FE4-460A-AFB3-7A58E008F891} = {4949BDCC-12D2-4A44-A38B-BD7ACBA2CB2F}
		{3CD63838-838A-4BEE-9DE5-89CC0B388543} = {4949BDCC-12D2-4A44-A38B-BD7ACBA2CB2F}
		{235D37F3-7F38-4BC8-8016-C34E9E65FCAB} = {816279EB-D3FA-4B29-AC66-D7D132F6F155}
		{0EB76FE3-F873-43E7-8694-D7DAA6F568F5} = {816279EB-D3FA-4B29-AC66-D7D132F6F155}
		{BF5C83B1-50D1-41CF-A381-284F9CBD161C} = {816279EB-D3FA-4B29-AC66-D7D132F6F155}
		{7B7A8F60-5918-4D18-991C-EE526B5B4FDD} = {816279EB-D3FA-4B29-AC66-D7D132F6F155}
		{D67E6C43-144E-4031-A687-0623FC08E9B9} = {4949BDCC-12D2-4A44-A38B-BD7ACBA2CB2F}
	EndGlobalSection
EndGlobal
