
Microsoft Visual Studio Solution File, Format Version 12.00
Project("{FAE04EC0-301F-11D3-BF4B-00C04F79EFBC}") = "Controle.Processos.Domain", "Controle.Processos.Domain\Controle.Processos.Domain.csproj", "{0EB76FE3-F873-43E7-8694-D7DAA6F568F5}"
EndProject
Project("{FAE04EC0-301F-11D3-BF4B-00C04F79EFBC}") = "Controle.Processos.Persistence", "Controle.Processos.Persistence\Controle.Processos.Persistence.csproj", "{7B7A8F60-5918-4D18-991C-EE526B5B4FDD}"
EndProject
Project("{FAE04EC0-301F-11D3-BF4B-00C04F79EFBC}") = "Controle.Processos.Infrastructure", "Controle.Processos.Infrastructure\Controle.Processos.Infrastructure.csproj", "{BF5C83B1-50D1-41CF-A381-284F9CBD161C}"
EndProject
Global
	GlobalSection(SolutionConfigurationPlatforms) = preSolution
		Debug|Any CPU = Debug|Any CPU
		Release|Any CPU = Release|Any CPU
	EndGlobalSection
	GlobalSection(ProjectConfigurationPlatforms) = postSolution
		{0EB76FE3-F873-43E7-8694-D7DAA6F568F5}.Debug|Any CPU.ActiveCfg = Debug|Any CPU
		{0EB76FE3-F873-43E7-8694-D7DAA6F568F5}.Debug|Any CPU.Build.0 = Debug|Any CPU
		{0EB76FE3-F873-43E7-8694-D7DAA6F568F5}.Release|Any CPU.ActiveCfg = Release|Any CPU
		{0EB76FE3-F873-43E7-8694-D7DAA6F568F5}.Release|Any CPU.Build.0 = Release|Any CPU
		{7B7A8F60-5918-4D18-991C-EE526B5B4FDD}.Debug|Any CPU.ActiveCfg = Debug|Any CPU
		{7B7A8F60-5918-4D18-991C-EE526B5B4FDD}.Debug|Any CPU.Build.0 = Debug|Any CPU
		{7B7A8F60-5918-4D18-991C-EE526B5B4FDD}.Release|Any CPU.ActiveCfg = Release|Any CPU
		{7B7A8F60-5918-4D18-991C-EE526B5B4FDD}.Release|Any CPU.Build.0 = Release|Any CPU
		{BF5C83B1-50D1-41CF-A381-284F9CBD161C}.Debug|Any CPU.ActiveCfg = Debug|Any CPU
		{BF5C83B1-50D1-41CF-A381-284F9CBD161C}.Debug|Any CPU.Build.0 = Debug|Any CPU
		{BF5C83B1-50D1-41CF-A381-284F9CBD161C}.Release|Any CPU.ActiveCfg = Release|Any CPU
		{BF5C83B1-50D1-41CF-A381-284F9CBD161C}.Release|Any CPU.Build.0 = Release|Any CPU
	EndGlobalSection
EndGlobal
